
Microsoft Visual Studio Solution File, Format Version 12.00
# Visual Studio Version 16
VisualStudioVersion = 16.0.31129.286
MinimumVisualStudioVersion = 10.0.40219.1
Project("{FAE04EC0-301F-11D3-BF4B-00C04F79EFBC}") = "Lab21", "Lab21\Lab21.csproj", "{75FBF580-238F-4BBD-B09D-D182F37B061F}"
EndProject
Global
	GlobalSection(SolutionConfigurationPlatforms) = preSolution
		Debug|Any CPU = Debug|Any CPU
		Release|Any CPU = Release|Any CPU
	EndGlobalSection
	GlobalSection(ProjectConfigurationPlatforms) = postSolution
		{75FBF580-238F-4BBD-B09D-D182F37B061F}.Debug|Any CPU.ActiveCfg = Debug|Any CPU
		{75FBF580-238F-4BBD-B09D-D182F37B061F}.Debug|Any CPU.Build.0 = Debug|Any CPU
		{75FBF580-238F-4BBD-B09D-D182F37B061F}.Release|Any CPU.ActiveCfg = Release|Any CPU
		{75FBF580-238F-4BBD-B09D-D182F37B061F}.Release|Any CPU.Build.0 = Release|Any CPU
	EndGlobalSection
	GlobalSection(SolutionProperties) = preSolution
		HideSolutionNode = FALSE
	EndGlobalSection
	GlobalSection(ExtensibilityGlobals) = postSolution
		SolutionGuid = {ABB8697F-EE18-47ED-A18B-10BCD56974E4}
	EndGlobalSection
EndGlobal
